PODS:
  - Alamofire (4.0.1)
  - AlamofireImage (3.1.0):
    - Alamofire (~> 4.0)
  - AlamofireNetworkActivityIndicator (2.0.1):
    - Alamofire (~> 4.0)
  - GRDB.swift (0.88.0)
  - Jukebox (0.2.0)
  - RAMAnimatedTabBarController (2.0.2)
  - SCLAlertView-Objective-C (1.0.5)
  - SlideMenuControllerSwift (3.0.0)
  - SwiftyJSON (3.1.1)
  - XLPagerTabStrip (5.0.0)

DEPENDENCIES:
  - Alamofire (~> 4.0)
  - AlamofireImage (~> 3.1)
  - AlamofireNetworkActivityIndicator (~> 2.0)
  - GRDB.swift
  - Jukebox (~> 0.2.0)
  - RAMAnimatedTabBarController
  - SCLAlertView-Objective-C
  - SlideMenuControllerSwift
  - SwiftyJSON
  - XLPagerTabStrip (from `https://github.com/KelvinJin/XLPagerTabStrip`, branch `swift3`)

EXTERNAL SOURCES:
  XLPagerTabStrip:
    :branch: swift3
    :git: https://github.com/KelvinJin/XLPagerTabStrip

CHECKOUT OPTIONS:
  XLPagerTabStrip:
    :commit: 99e3cbd5e6b99bb6b1fdf25f4af58fe2e38ad308
    :git: https://github.com/KelvinJin/XLPagerTabStrip

SPEC CHECKSUMS:
  Alamofire: 7682d43245de14874acd142ec137b144aa1dd335
  AlamofireImage: bb8c8351c51cb1633bb6be69b6dbbaff37ce65b7
  AlamofireNetworkActivityIndicator: 3e55069ada3e1ff7703665156429eedcdfea0bc1
  GRDB.swift: e487635fd6ec3732ff4d23c1b20261574f657e8d
  Jukebox: 7526061487018bb66e687cd38abf8c637901b78f
  RAMAnimatedTabBarController: 8b4b7e41d1d6c76ebf6482233f4bc528231db437
  SCLAlertView-Objective-C: a2b8b09b8ce5fe14c233ecaa09c02be582c6389a
  SlideMenuControllerSwift: 9c0a84f9a3fba51681debd7be77617094562ebcc
  SwiftyJSON: f0be2e604f83e8405a624e9f891898bf6ed4e019
  XLPagerTabStrip: 87b8b705f9a7178e76a063ffaa2d70045944a965

PODFILE CHECKSUM: 410063dd544f9c3dd10ce4ec31b7ba738aed359b

COCOAPODS: 1.1.0.rc.3
