// !$*UTF8*$!
{
	archiveVersion = 1;
	classes = {
	};
	objectVersion = 46;
	objects = {

/* Begin PBXBuildFile section */
		843E05941DAA8E1600306DCC /* ShahadatViewController.swift in Sources */ = {isa = PBXBuildFile; fileRef = 843E05931DAA8E1600306DCC /* ShahadatViewController.swift */; };
		843E05991DAA8E7C00306DCC /* AyadViewController.swift in Sources */ = {isa = PBXBuildFile; fileRef = 843E05961DAA8E7C00306DCC /* AyadViewController.swift */; };
		843E059A1DAA8E7C00306DCC /* FavoritesViewController.swift in Sources */ = {isa = PBXBuildFile; fileRef = 843E05971DAA8E7C00306DCC /* FavoritesViewController.swift */; };
		843E059B1DAA8E7C00306DCC /* MoharramViewController.swift in Sources */ = {isa = PBXBuildFile; fileRef = 843E05981DAA8E7C00306DCC /* MoharramViewController.swift */; };
		844A804F1DAA5B7800EF7A0C /* MusicViewController.swift in Sources */ = {isa = PBXBuildFile; fileRef = 844A804E1DAA5B7800EF7A0C /* MusicViewController.swift */; };
		844A80511DAA5B8A00EF7A0C /* VideoViewController.swift in Sources */ = {isa = PBXBuildFile; fileRef = 844A80501DAA5B8A00EF7A0C /* VideoViewController.swift */; };
		844A80531DAA5B9800EF7A0C /* HomeViewController.swift in Sources */ = {isa = PBXBuildFile; fileRef = 844A80521DAA5B9800EF7A0C /* HomeViewController.swift */; };
		844A80551DAA5BAD00EF7A0C /* SearchViewController.swift in Sources */ = {isa = PBXBuildFile; fileRef = 844A80541DAA5BAD00EF7A0C /* SearchViewController.swift */; };
		844A80571DAA5BBD00EF7A0C /* DownloadedViewController.swift in Sources */ = {isa = PBXBuildFile; fileRef = 844A80561DAA5BBD00EF7A0C /* DownloadedViewController.swift */; };
		84D377F61DAA50A40085C05D /* AppDelegate.swift in Sources */ = {isa = PBXBuildFile; fileRef = 84D377F51DAA50A40085C05D /* AppDelegate.swift */; };
		84D377FD1DAA50A40085C05D /* Main.storyboard in Resources */ = {isa = PBXBuildFile; fileRef = 84D377FB1DAA50A40085C05D /* Main.storyboard */; };
		84D377FF1DAA50A40085C05D /* Assets.xcassets in Resources */ = {isa = PBXBuildFile; fileRef = 84D377FE1DAA50A40085C05D /* Assets.xcassets */; };
		84D378021DAA50A40085C05D /* LaunchScreen.storyboard in Resources */ = {isa = PBXBuildFile; fileRef = 84D378001DAA50A40085C05D /* LaunchScreen.storyboard */; };
		84D3780D1DAA50A40085C05D /* navaTests.swift in Sources */ = {isa = PBXBuildFile; fileRef = 84D3780C1DAA50A40085C05D /* navaTests.swift */; };
		84D378181DAA50DF0085C05D /* Podfile in Resources */ = {isa = PBXBuildFile; fileRef = 84D378171DAA50DF0085C05D /* Podfile */; };
		84E0FE2E1DAB6A8100C4878A /* MusicTableView.swift in Sources */ = {isa = PBXBuildFile; fileRef = 84E0FE2D1DAB6A8100C4878A /* MusicTableView.swift */; };
		84E0FE301DAB6B1C00C4878A /* MusicTableViewCell.swift in Sources */ = {isa = PBXBuildFile; fileRef = 84E0FE2F1DAB6B1C00C4878A /* MusicTableViewCell.swift */; };
		84E0FE331DAB6CB900C4878A /* MusicObj.swift in Sources */ = {isa = PBXBuildFile; fileRef = 84E0FE321DAB6CB900C4878A /* MusicObj.swift */; };
		84E0FE351DABB6CE00C4878A /* MusicPlayerViewController.swift in Sources */ = {isa = PBXBuildFile; fileRef = 84E0FE341DABB6CE00C4878A /* MusicPlayerViewController.swift */; };
		B3E6A3320ED6520C81232DCD /* Pods_nava.framework in Frameworks */ = {isa = PBXBuildFile; fileRef = 3FF1D941F9EDA06CE1711190 /* Pods_nava.framework */; };
/* End PBXBuildFile section */

/* Begin PBXContainerItemProxy section */
		84D378091DAA50A40085C05D /* PBXContainerItemProxy */ = {
			isa = PBXContainerItemProxy;
			containerPortal = 84D377EA1DAA50A40085C05D /* Project object */;
			proxyType = 1;
			remoteGlobalIDString = 84D377F11DAA50A40085C05D;
			remoteInfo = nava;
		};
/* End PBXContainerItemProxy section */

/* Begin PBXFileReference section */
		09A609189DB1DB0F51C191F2 /* Pods-nava.release.xcconfig */ = {isa = PBXFileReference; includeInIndex = 1; lastKnownFileType = text.xcconfig; name = "Pods-nava.release.xcconfig"; path = "Pods/Target Support Files/Pods-nava/Pods-nava.release.xcconfig"; sourceTree = "<group>"; };
		3FF1D941F9EDA06CE1711190 /* Pods_nava.framework */ = {isa = PBXFileReference; explicitFileType = wrapper.framework; includeInIndex = 0; path = Pods_nava.framework; sourceTree = BUILT_PRODUCTS_DIR; };
		843E05931DAA8E1600306DCC /* ShahadatViewController.swift */ = {isa = PBXFileReference; fileEncoding = 4; lastKnownFileType = sourcecode.swift; name = ShahadatViewController.swift; path = ViewControllers/MusicTabViewControllers/ShahadatViewController.swift; sourceTree = "<group>"; };
		843E05961DAA8E7C00306DCC /* AyadViewController.swift */ = {isa = PBXFileReference; fileEncoding = 4; lastKnownFileType = sourcecode.swift; name = AyadViewController.swift; path = ViewControllers/MusicTabViewControllers/AyadViewController.swift; sourceTree = "<group>"; };
		843E05971DAA8E7C00306DCC /* FavoritesViewController.swift */ = {isa = PBXFileReference; fileEncoding = 4; lastKnownFileType = sourcecode.swift; name = FavoritesViewController.swift; path = ViewControllers/MusicTabViewControllers/FavoritesViewController.swift; sourceTree = "<group>"; };
		843E05981DAA8E7C00306DCC /* MoharramViewController.swift */ = {isa = PBXFileReference; fileEncoding = 4; lastKnownFileType = sourcecode.swift; name = MoharramViewController.swift; path = ViewControllers/MusicTabViewControllers/MoharramViewController.swift; sourceTree = "<group>"; };
		844A804E1DAA5B7800EF7A0C /* MusicViewController.swift */ = {isa = PBXFileReference; fileEncoding = 4; lastKnownFileType = sourcecode.swift; name = MusicViewController.swift; path = ViewControllers/MusicViewController.swift; sourceTree = "<group>"; };
		844A80501DAA5B8A00EF7A0C /* VideoViewController.swift */ = {isa = PBXFileReference; fileEncoding = 4; lastKnownFileType = sourcecode.swift; name = VideoViewController.swift; path = ViewControllers/VideoViewController.swift; sourceTree = "<group>"; };
		844A80521DAA5B9800EF7A0C /* HomeViewController.swift */ = {isa = PBXFileReference; fileEncoding = 4; lastKnownFileType = sourcecode.swift; name = HomeViewController.swift; path = ViewControllers/HomeViewController.swift; sourceTree = "<group>"; };
		844A80541DAA5BAD00EF7A0C /* SearchViewController.swift */ = {isa = PBXFileReference; fileEncoding = 4; lastKnownFileType = sourcecode.swift; name = SearchViewController.swift; path = ViewControllers/SearchViewController.swift; sourceTree = "<group>"; };
		844A80561DAA5BBD00EF7A0C /* DownloadedViewController.swift */ = {isa = PBXFileReference; fileEncoding = 4; lastKnownFileType = sourcecode.swift; name = DownloadedViewController.swift; path = ViewControllers/DownloadedViewController.swift; sourceTree = "<group>"; };
		84D377F21DAA50A40085C05D /* nava.app */ = {isa = PBXFileReference; explicitFileType = wrapper.application; includeInIndex = 0; path = nava.app; sourceTree = BUILT_PRODUCTS_DIR; };
		84D377F51DAA50A40085C05D /* AppDelegate.swift */ = {isa = PBXFileReference; lastKnownFileType = sourcecode.swift; path = AppDelegate.swift; sourceTree = "<group>"; };
		84D377FC1DAA50A40085C05D /* Base */ = {isa = PBXFileReference; lastKnownFileType = file.storyboard; name = Base; path = Base.lproj/Main.storyboard; sourceTree = "<group>"; };
		84D377FE1DAA50A40085C05D /* Assets.xcassets */ = {isa = PBXFileReference; lastKnownFileType = folder.assetcatalog; path = Assets.xcassets; sourceTree = "<group>"; };
		84D378011DAA50A40085C05D /* Base */ = {isa = PBXFileReference; lastKnownFileType = file.storyboard; name = Base; path = Base.lproj/LaunchScreen.storyboard; sourceTree = "<group>"; };
		84D378031DAA50A40085C05D /* Info.plist */ = {isa = PBXFileReference; lastKnownFileType = text.plist.xml; path = Info.plist; sourceTree = "<group>"; };
		84D378081DAA50A40085C05D /* navaTests.xctest */ = {isa = PBXFileReference; explicitFileType = wrapper.cfbundle; includeInIndex = 0; path = navaTests.xctest; sourceTree = BUILT_PRODUCTS_DIR; };
		84D3780C1DAA50A40085C05D /* navaTests.swift */ = {isa = PBXFileReference; lastKnownFileType = sourcecode.swift; path = navaTests.swift; sourceTree = "<group>"; };
		84D3780E1DAA50A40085C05D /* Info.plist */ = {isa = PBXFileReference; lastKnownFileType = text.plist.xml; path = Info.plist; sourceTree = "<group>"; };
		84D378171DAA50DF0085C05D /* Podfile */ = {isa = PBXFileReference; fileEncoding = 4; lastKnownFileType = text; path = Podfile; sourceTree = "<group>"; xcLanguageSpecificationIdentifier = xcode.lang.ruby; };
		84E0FE2D1DAB6A8100C4878A /* MusicTableView.swift */ = {isa = PBXFileReference; fileEncoding = 4; lastKnownFileType = sourcecode.swift; name = MusicTableView.swift; path = Classes/Items/MusicTableView.swift; sourceTree = "<group>"; };
		84E0FE2F1DAB6B1C00C4878A /* MusicTableViewCell.swift */ = {isa = PBXFileReference; fileEncoding = 4; lastKnownFileType = sourcecode.swift; name = MusicTableViewCell.swift; path = Classes/Items/MusicTableViewCell.swift; sourceTree = "<group>"; };
		84E0FE321DAB6CB900C4878A /* MusicObj.swift */ = {isa = PBXFileReference; fileEncoding = 4; lastKnownFileType = sourcecode.swift; name = MusicObj.swift; path = Classes/DataProvider/MusicObj.swift; sourceTree = "<group>"; };
		84E0FE341DABB6CE00C4878A /* MusicPlayerViewController.swift */ = {isa = PBXFileReference; fileEncoding = 4; lastKnownFileType = sourcecode.swift; name = MusicPlayerViewController.swift; path = ViewControllers/MusicTabViewControllers/MusicPlayerViewController.swift; sourceTree = "<group>"; };
		CB24BF433A81DB82853B7BA1 /* Pods-nava.debug.xcconfig */ = {isa = PBXFileReference; includeInIndex = 1; lastKnownFileType = text.xcconfig; name = "Pods-nava.debug.xcconfig"; path = "Pods/Target Support Files/Pods-nava/Pods-nava.debug.xcconfig"; sourceTree = "<group>"; };
/* End PBXFileReference section */

/* Begin PBXFrameworksBuildPhase section */
		84D377EF1DAA50A40085C05D /* Frameworks */ = {
			isa = PBXFrameworksBuildPhase;
			buildActionMask = 2147483647;
			files = (
				B3E6A3320ED6520C81232DCD /* Pods_nava.framework in Frameworks */,
			);
			runOnlyForDeploymentPostprocessing = 0;
		};
		84D378051DAA50A40085C05D /* Frameworks */ = {
			isa = PBXFrameworksBuildPhase;
			buildActionMask = 2147483647;
			files = (
			);
			runOnlyForDeploymentPostprocessing = 0;
		};
/* End PBXFrameworksBuildPhase section */

/* Begin PBXGroup section */
		1C91AB23F5E05FAE9A5A5C0B /* Pods */ = {
			isa = PBXGroup;
			children = (
				CB24BF433A81DB82853B7BA1 /* Pods-nava.debug.xcconfig */,
				09A609189DB1DB0F51C191F2 /* Pods-nava.release.xcconfig */,
			);
			name = Pods;
			sourceTree = "<group>";
		};
		843E05951DAA8E1B00306DCC /* MusicTabsViewControllers */ = {
			isa = PBXGroup;
			children = (
				843E05961DAA8E7C00306DCC /* AyadViewController.swift */,
				843E05971DAA8E7C00306DCC /* FavoritesViewController.swift */,
				843E05981DAA8E7C00306DCC /* MoharramViewController.swift */,
				843E05931DAA8E1600306DCC /* ShahadatViewController.swift */,
				84E0FE341DABB6CE00C4878A /* MusicPlayerViewController.swift */,
			);
			name = MusicTabsViewControllers;
			sourceTree = "<group>";
		};
		844A804D1DAA5B4D00EF7A0C /* ViewControllers */ = {
			isa = PBXGroup;
			children = (
				843E05951DAA8E1B00306DCC /* MusicTabsViewControllers */,
				844A804E1DAA5B7800EF7A0C /* MusicViewController.swift */,
				844A80501DAA5B8A00EF7A0C /* VideoViewController.swift */,
				844A80521DAA5B9800EF7A0C /* HomeViewController.swift */,
				844A80541DAA5BAD00EF7A0C /* SearchViewController.swift */,
				844A80561DAA5BBD00EF7A0C /* DownloadedViewController.swift */,
			);
			name = ViewControllers;
			sourceTree = "<group>";
		};
		844A80581DAA737F00EF7A0C /* Classes */ = {
			isa = PBXGroup;
			children = (
				84E0FE311DAB6C8B00C4878A /* DataProvider */,
				844A80591DAA738B00EF7A0C /* Items */,
			);
			name = Classes;
			sourceTree = "<group>";
		};
		844A80591DAA738B00EF7A0C /* Items */ = {
			isa = PBXGroup;
			children = (
				84E0FE2D1DAB6A8100C4878A /* MusicTableView.swift */,
				84E0FE2F1DAB6B1C00C4878A /* MusicTableViewCell.swift */,
			);
			name = Items;
			sourceTree = "<group>";
		};
		84D377E91DAA50A40085C05D = {
			isa = PBXGroup;
			children = (
				84D378171DAA50DF0085C05D /* Podfile */,
				84D377F41DAA50A40085C05D /* nava */,
				84D3780B1DAA50A40085C05D /* navaTests */,
				84D377F31DAA50A40085C05D /* Products */,
				1C91AB23F5E05FAE9A5A5C0B /* Pods */,
				E380BC93C22EE1A05830F75A /* Frameworks */,
			);
			sourceTree = "<group>";
		};
		84D377F31DAA50A40085C05D /* Products */ = {
			isa = PBXGroup;
			children = (
				84D377F21DAA50A40085C05D /* nava.app */,
				84D378081DAA50A40085C05D /* navaTests.xctest */,
			);
			name = Products;
			sourceTree = "<group>";
		};
		84D377F41DAA50A40085C05D /* nava */ = {
			isa = PBXGroup;
			children = (
				844A80581DAA737F00EF7A0C /* Classes */,
				844A804D1DAA5B4D00EF7A0C /* ViewControllers */,
				84D377F51DAA50A40085C05D /* AppDelegate.swift */,
				84D377FB1DAA50A40085C05D /* Main.storyboard */,
				84D377FE1DAA50A40085C05D /* Assets.xcassets */,
				84D378001DAA50A40085C05D /* LaunchScreen.storyboard */,
				84D378031DAA50A40085C05D /* Info.plist */,
			);
			path = nava;
			sourceTree = "<group>";
		};
		84D3780B1DAA50A40085C05D /* navaTests */ = {
			isa = PBXGroup;
			children = (
				84D3780C1DAA50A40085C05D /* navaTests.swift */,
				84D3780E1DAA50A40085C05D /* Info.plist */,
			);
			path = navaTests;
			sourceTree = "<group>";
		};
		84E0FE311DAB6C8B00C4878A /* DataProvider */ = {
			isa = PBXGroup;
			children = (
				84E0FE321DAB6CB900C4878A /* MusicObj.swift */,
			);
			name = DataProvider;
			sourceTree = "<group>";
		};
		E380BC93C22EE1A05830F75A /* Frameworks */ = {
			isa = PBXGroup;
			children = (
				3FF1D941F9EDA06CE1711190 /* Pods_nava.framework */,
			);
			name = Frameworks;
			sourceTree = "<group>";
		};
/* End PBXGroup section */

/* Begin PBXNativeTarget section */
		84D377F11DAA50A40085C05D /* nava */ = {
			isa = PBXNativeTarget;
			buildConfigurationList = 84D378111DAA50A40085C05D /* Build configuration list for PBXNativeTarget "nava" */;
			buildPhases = (
				4B18BE94BB0BE8F1E7834235 /* [CP] Check Pods Manifest.lock */,
				84D377EE1DAA50A40085C05D /* Sources */,
				84D377EF1DAA50A40085C05D /* Frameworks */,
				84D377F01DAA50A40085C05D /* Resources */,
				728E7B9E433CD34ACB359E8A /* [CP] Embed Pods Frameworks */,
				E916DE4E01B42643AF0A8FDE /* [CP] Copy Pods Resources */,
			);
			buildRules = (
			);
			dependencies = (
			);
			name = nava;
			productName = nava;
			productReference = 84D377F21DAA50A40085C05D /* nava.app */;
			productType = "com.apple.product-type.application";
		};
		84D378071DAA50A40085C05D /* navaTests */ = {
			isa = PBXNativeTarget;
			buildConfigurationList = 84D378141DAA50A40085C05D /* Build configuration list for PBXNativeTarget "navaTests" */;
			buildPhases = (
				84D378041DAA50A40085C05D /* Sources */,
				84D378051DAA50A40085C05D /* Frameworks */,
				84D378061DAA50A40085C05D /* Resources */,
			);
			buildRules = (
			);
			dependencies = (
				84D3780A1DAA50A40085C05D /* PBXTargetDependency */,
			);
			name = navaTests;
			productName = navaTests;
			productReference = 84D378081DAA50A40085C05D /* navaTests.xctest */;
			productType = "com.apple.product-type.bundle.unit-test";
		};
/* End PBXNativeTarget section */

/* Begin PBXProject section */
		84D377EA1DAA50A40085C05D /* Project object */ = {
			isa = PBXProject;
			attributes = {
				LastSwiftUpdateCheck = 0800;
				LastUpgradeCheck = 0800;
				ORGANIZATIONNAME = manshor;
				TargetAttributes = {
					84D377F11DAA50A40085C05D = {
						CreatedOnToolsVersion = 8.0;
						DevelopmentTeam = HUB9ZQ7NS4;
						LastSwiftMigration = 0800;
						ProvisioningStyle = Automatic;
					};
					84D378071DAA50A40085C05D = {
						CreatedOnToolsVersion = 8.0;
						LastSwiftMigration = 0800;
						ProvisioningStyle = Automatic;
						TestTargetID = 84D377F11DAA50A40085C05D;
					};
				};
			};
			buildConfigurationList = 84D377ED1DAA50A40085C05D /* Build configuration list for PBXProject "nava" */;
			compatibilityVersion = "Xcode 3.2";
			developmentRegion = English;
			hasScannedForEncodings = 0;
			knownRegions = (
				en,
				Base,
			);
			mainGroup = 84D377E91DAA50A40085C05D;
			productRefGroup = 84D377F31DAA50A40085C05D /* Products */;
			projectDirPath = "";
			projectRoot = "";
			targets = (
				84D377F11DAA50A40085C05D /* nava */,
				84D378071DAA50A40085C05D /* navaTests */,
			);
		};
/* End PBXProject section */

/* Begin PBXResourcesBuildPhase section */
		84D377F01DAA50A40085C05D /* Resources */ = {
			isa = PBXResourcesBuildPhase;
			buildActionMask = 2147483647;
			files = (
				84D378021DAA50A40085C05D /* LaunchScreen.storyboard in Resources */,
				84D377FF1DAA50A40085C05D /* Assets.xcassets in Resources */,
				84D378181DAA50DF0085C05D /* Podfile in Resources */,
				84D377FD1DAA50A40085C05D /* Main.storyboard in Resources */,
			);
			runOnlyForDeploymentPostprocessing = 0;
		};
		84D378061DAA50A40085C05D /* Resources */ = {
			isa = PBXResourcesBuildPhase;
			buildActionMask = 2147483647;
			files = (
			);
			runOnlyForDeploymentPostprocessing = 0;
		};
/* End PBXResourcesBuildPhase section */

/* Begin PBXShellScriptBuildPhase section */
		4B18BE94BB0BE8F1E7834235 /* [CP] Check Pods Manifest.lock */ = {
			isa = PBXShellScriptBuildPhase;
			buildActionMask = 2147483647;
			files = (
			);
			inputPaths = (
			);
			name = "[CP] Check Pods Manifest.lock";
			outputPaths = (
			);
			runOnlyForDeploymentPostprocessing = 0;
			shellPath = /bin/sh;
			shellScript = "diff \"${PODS_ROOT}/../Podfile.lock\" \"${PODS_ROOT}/Manifest.lock\" > /dev/null\nif [[ $? != 0 ]] ; then\n    cat << EOM\nerror: The sandbox is not in sync with the Podfile.lock. Run 'pod install' or update your CocoaPods installation.\nEOM\n    exit 1\nfi\n";
			showEnvVarsInLog = 0;
		};
		728E7B9E433CD34ACB359E8A /* [CP] Embed Pods Frameworks */ = {
			isa = PBXShellScriptBuildPhase;
			buildActionMask = 2147483647;
			files = (
			);
			inputPaths = (
			);
			name = "[CP] Embed Pods Frameworks";
			outputPaths = (
			);
			runOnlyForDeploymentPostprocessing = 0;
			shellPath = /bin/sh;
			shellScript = "\"${SRCROOT}/Pods/Target Support Files/Pods-nava/Pods-nava-frameworks.sh\"\n";
			showEnvVarsInLog = 0;
		};
		E916DE4E01B42643AF0A8FDE /* [CP] Copy Pods Resources */ = {
			isa = PBXShellScriptBuildPhase;
			buildActionMask = 2147483647;
			files = (
			);
			inputPaths = (
			);
			name = "[CP] Copy Pods Resources";
			outputPaths = (
			);
			runOnlyForDeploymentPostprocessing = 0;
			shellPath = /bin/sh;
			shellScript = "\"${SRCROOT}/Pods/Target Support Files/Pods-nava/Pods-nava-resources.sh\"\n";
			showEnvVarsInLog = 0;
		};
/* End PBXShellScriptBuildPhase section */

/* Begin PBXSourcesBuildPhase section */
		84D377EE1DAA50A40085C05D /* Sources */ = {
			isa = PBXSourcesBuildPhase;
			buildActionMask = 2147483647;
			files = (
				844A80551DAA5BAD00EF7A0C /* SearchViewController.swift in Sources */,
				843E059A1DAA8E7C00306DCC /* FavoritesViewController.swift in Sources */,
				843E05991DAA8E7C00306DCC /* AyadViewController.swift in Sources */,
				84E0FE351DABB6CE00C4878A /* MusicPlayerViewController.swift in Sources */,
				844A80571DAA5BBD00EF7A0C /* DownloadedViewController.swift in Sources */,
				844A804F1DAA5B7800EF7A0C /* MusicViewController.swift in Sources */,
				84E0FE2E1DAB6A8100C4878A /* MusicTableView.swift in Sources */,
				84E0FE331DAB6CB900C4878A /* MusicObj.swift in Sources */,
				843E059B1DAA8E7C00306DCC /* MoharramViewController.swift in Sources */,
				84D377F61DAA50A40085C05D /* AppDelegate.swift in Sources */,
				844A80511DAA5B8A00EF7A0C /* VideoViewController.swift in Sources */,
				843E05941DAA8E1600306DCC /* ShahadatViewController.swift in Sources */,
				844A80531DAA5B9800EF7A0C /* HomeViewController.swift in Sources */,
				84E0FE301DAB6B1C00C4878A /* MusicTableViewCell.swift in Sources */,
			);
			runOnlyForDeploymentPostprocessing = 0;
		};
		84D378041DAA50A40085C05D /* Sources */ = {
			isa = PBXSourcesBuildPhase;
			buildActionMask = 2147483647;
			files = (
				84D3780D1DAA50A40085C05D /* navaTests.swift in Sources */,
			);
			runOnlyForDeploymentPostprocessing = 0;
		};
/* End PBXSourcesBuildPhase section */

/* Begin PBXTargetDependency section */
		84D3780A1DAA50A40085C05D /* PBXTargetDependency */ = {
			isa = PBXTargetDependency;
			target = 84D377F11DAA50A40085C05D /* nava */;
			targetProxy = 84D378091DAA50A40085C05D /* PBXContainerItemProxy */;
		};
/* End PBXTargetDependency section */

/* Begin PBXVariantGroup section */
		84D377FB1DAA50A40085C05D /* Main.storyboard */ = {
			isa = PBXVariantGroup;
			children = (
				84D377FC1DAA50A40085C05D /* Base */,
			);
			name = Main.storyboard;
			sourceTree = "<group>";
		};
		84D378001DAA50A40085C05D /* LaunchScreen.storyboard */ = {
			isa = PBXVariantGroup;
			children = (
				84D378011DAA50A40085C05D /* Base */,
			);
			name = LaunchScreen.storyboard;
			sourceTree = "<group>";
		};
/* End PBXVariantGroup section */

/* Begin XCBuildConfiguration section */
		84D3780F1DAA50A40085C05D /* Debug */ = {
			isa = XCBuildConfiguration;
			buildSettings = {
				ALWAYS_SEARCH_USER_PATHS = NO;
				CLANG_ANALYZER_NONNULL = YES;
				CLANG_CXX_LANGUAGE_STANDARD = "gnu++0x";
				CLANG_CXX_LIBRARY = "libc++";
				CLANG_ENABLE_MODULES = YES;
				CLANG_ENABLE_OBJC_ARC = YES;
				CLANG_WARN_BOOL_CONVERSION = YES;
				CLANG_WARN_CONSTANT_CONVERSION = YES;
				CLANG_WARN_DIRECT_OBJC_ISA_USAGE = YES_ERROR;
				CLANG_WARN_DOCUMENTATION_COMMENTS = YES;
				CLANG_WARN_EMPTY_BODY = YES;
				CLANG_WARN_ENUM_CONVERSION = YES;
				CLANG_WARN_INFINITE_RECURSION = YES;
				CLANG_WARN_INT_CONVERSION = YES;
				CLANG_WARN_OBJC_ROOT_CLASS = YES_ERROR;
				CLANG_WARN_SUSPICIOUS_MOVE = YES;
				CLANG_WARN_SUSPICIOUS_MOVES = YES;
				CLANG_WARN_UNREACHABLE_CODE = YES;
				CLANG_WARN__DUPLICATE_METHOD_MATCH = YES;
				"CODE_SIGN_IDENTITY[sdk=iphoneos*]" = "iPhone Developer";
				COPY_PHASE_STRIP = NO;
				DEBUG_INFORMATION_FORMAT = dwarf;
				ENABLE_STRICT_OBJC_MSGSEND = YES;
				ENABLE_TESTABILITY = YES;
				GCC_C_LANGUAGE_STANDARD = gnu99;
				GCC_DYNAMIC_NO_PIC = NO;
				GCC_NO_COMMON_BLOCKS = YES;
				GCC_OPTIMIZATION_LEVEL = 0;
				GCC_PREPROCESSOR_DEFINITIONS = (
					"DEBUG=1",
					"$(inherited)",
				);
				GCC_WARN_64_TO_32_BIT_CONVERSION = YES;
				GCC_WARN_ABOUT_RETURN_TYPE = YES_ERROR;
				GCC_WARN_UNDECLARED_SELECTOR = YES;
				GCC_WARN_UNINITIALIZED_AUTOS = YES_AGGRESSIVE;
				GCC_WARN_UNUSED_FUNCTION = YES;
				GCC_WARN_UNUSED_VARIABLE = YES;
				IPHONEOS_DEPLOYMENT_TARGET = 10.0;
				MTL_ENABLE_DEBUG_INFO = YES;
				ONLY_ACTIVE_ARCH = YES;
				SDKROOT = iphoneos;
				SWIFT_ACTIVE_COMPILATION_CONDITIONS = DEBUG;
				SWIFT_OPTIMIZATION_LEVEL = "-Onone";
				TARGETED_DEVICE_FAMILY = "1,2";
			};
			name = Debug;
		};
		84D378101DAA50A40085C05D /* Release */ = {
			isa = XCBuildConfiguration;
			buildSettings = {
				ALWAYS_SEARCH_USER_PATHS = NO;
				CLANG_ANALYZER_NONNULL = YES;
				CLANG_CXX_LANGUAGE_STANDARD = "gnu++0x";
				CLANG_CXX_LIBRARY = "libc++";
				CLANG_ENABLE_MODULES = YES;
				CLANG_ENABLE_OBJC_ARC = YES;
				CLANG_WARN_BOOL_CONVERSION = YES;
				CLANG_WARN_CONSTANT_CONVERSION = YES;
				CLANG_WARN_DIRECT_OBJC_ISA_USAGE = YES_ERROR;
				CLANG_WARN_DOCUMENTATION_COMMENTS = YES;
				CLANG_WARN_EMPTY_BODY = YES;
				CLANG_WARN_ENUM_CONVERSION = YES;
				CLANG_WARN_INFINITE_RECURSION = YES;
				CLANG_WARN_INT_CONVERSION = YES;
				CLANG_WARN_OBJC_ROOT_CLASS = YES_ERROR;
				CLANG_WARN_SUSPICIOUS_MOVE = YES;
				CLANG_WARN_SUSPICIOUS_MOVES = YES;
				CLANG_WARN_UNREACHABLE_CODE = YES;
				CLANG_WARN__DUPLICATE_METHOD_MATCH = YES;
				"CODE_SIGN_IDENTITY[sdk=iphoneos*]" = "iPhone Developer";
				COPY_PHASE_STRIP = NO;
				DEBUG_INFORMATION_FORMAT = "dwarf-with-dsym";
				ENABLE_NS_ASSERTIONS = NO;
				ENABLE_STRICT_OBJC_MSGSEND = YES;
				GCC_C_LANGUAGE_STANDARD = gnu99;
				GCC_NO_COMMON_BLOCKS = YES;
				GCC_WARN_64_TO_32_BIT_CONVERSION = YES;
				GCC_WARN_ABOUT_RETURN_TYPE = YES_ERROR;
				GCC_WARN_UNDECLARED_SELECTOR = YES;
				GCC_WARN_UNINITIALIZED_AUTOS = YES_AGGRESSIVE;
				GCC_WARN_UNUSED_FUNCTION = YES;
				GCC_WARN_UNUSED_VARIABLE = YES;
				IPHONEOS_DEPLOYMENT_TARGET = 10.0;
				MTL_ENABLE_DEBUG_INFO = NO;
				SDKROOT = iphoneos;
				SWIFT_OPTIMIZATION_LEVEL = "-Owholemodule";
				TARGETED_DEVICE_FAMILY = "1,2";
				VALIDATE_PRODUCT = YES;
			};
			name = Release;
		};
		84D378121DAA50A40085C05D /* Debug */ = {
			isa = XCBuildConfiguration;
			baseConfigurationReference = CB24BF433A81DB82853B7BA1 /* Pods-nava.debug.xcconfig */;
			buildSettings = {
				ALWAYS_EMBED_SWIFT_STANDARD_LIBRARIES = YES;
				ASSETCATALOG_COMPILER_APPICON_NAME = AppIcon;
				DEVELOPMENT_TEAM = HUB9ZQ7NS4;
				INFOPLIST_FILE = nava/Info.plist;
				IPHONEOS_DEPLOYMENT_TARGET = 9.0;
				LD_RUNPATH_SEARCH_PATHS = "$(inherited) @executable_path/Frameworks";
				PRODUCT_BUNDLE_IDENTIFIER = com.manshor.nava;
				PRODUCT_NAME = "$(TARGET_NAME)";
				SWIFT_VERSION = 3.0;
			};
			name = Debug;
		};
		84D378131DAA50A40085C05D /* Release */ = {
			isa = XCBuildConfiguration;
			baseConfigurationReference = 09A609189DB1DB0F51C191F2 /* Pods-nava.release.xcconfig */;
			buildSettings = {
				ALWAYS_EMBED_SWIFT_STANDARD_LIBRARIES = YES;
				ASSETCATALOG_COMPILER_APPICON_NAME = AppIcon;
				DEVELOPMENT_TEAM = HUB9ZQ7NS4;
				INFOPLIST_FILE = nava/Info.plist;
				IPHONEOS_DEPLOYMENT_TARGET = 9.0;
				LD_RUNPATH_SEARCH_PATHS = "$(inherited) @executable_path/Frameworks";
				PRODUCT_BUNDLE_IDENTIFIER = com.manshor.nava;
				PRODUCT_NAME = "$(TARGET_NAME)";
				SWIFT_VERSION = 3.0;
			};
			name = Release;
		};
		84D378151DAA50A40085C05D /* Debug */ = {
			isa = XCBuildConfiguration;
			buildSettings = {
				ALWAYS_EMBED_SWIFT_STANDARD_LIBRARIES = YES;
				BUNDLE_LOADER = "$(TEST_HOST)";
				INFOPLIST_FILE = navaTests/Info.plist;
				LD_RUNPATH_SEARCH_PATHS = "$(inherited) @executable_path/Frameworks @loader_path/Frameworks";
				PRODUCT_BUNDLE_IDENTIFIER = com.manshor.navaTests;
				PRODUCT_NAME = "$(TARGET_NAME)";
				SWIFT_VERSION = 3.0;
				TEST_HOST = "$(BUILT_PRODUCTS_DIR)/nava.app/nava";
			};
			name = Debug;
		};
		84D378161DAA50A40085C05D /* Release */ = {
			isa = XCBuildConfiguration;
			buildSettings = {
				ALWAYS_EMBED_SWIFT_STANDARD_LIBRARIES = YES;
				BUNDLE_LOADER = "$(TEST_HOST)";
				INFOPLIST_FILE = navaTests/Info.plist;
				LD_RUNPATH_SEARCH_PATHS = "$(inherited) @executable_path/Frameworks @loader_path/Frameworks";
				PRODUCT_BUNDLE_IDENTIFIER = com.manshor.navaTests;
				PRODUCT_NAME = "$(TARGET_NAME)";
				SWIFT_VERSION = 3.0;
				TEST_HOST = "$(BUILT_PRODUCTS_DIR)/nava.app/nava";
			};
			name = Release;
		};
/* End XCBuildConfiguration section */

/* Begin XCConfigurationList section */
		84D377ED1DAA50A40085C05D /* Build configuration list for PBXProject "nava" */ = {
			isa = XCConfigurationList;
			buildConfigurations = (
				84D3780F1DAA50A40085C05D /* Debug */,
				84D378101DAA50A40085C05D /* Release */,
			);
			defaultConfigurationIsVisible = 0;
			defaultConfigurationName = Release;
		};
		84D378111DAA50A40085C05D /* Build configuration list for PBXNativeTarget "nava" */ = {
			isa = XCConfigurationList;
			buildConfigurations = (
				84D378121DAA50A40085C05D /* Debug */,
				84D378131DAA50A40085C05D /* Release */,
			);
			defaultConfigurationIsVisible = 0;
			defaultConfigurationName = Release;
		};
		84D378141DAA50A40085C05D /* Build configuration list for PBXNativeTarget "navaTests" */ = {
			isa = XCConfigurationList;
			buildConfigurations = (
				84D378151DAA50A40085C05D /* Debug */,
				84D378161DAA50A40085C05D /* Release */,
			);
			defaultConfigurationIsVisible = 0;
			defaultConfigurationName = Release;
		};
/* End XCConfigurationList section */
	};
	rootObject = 84D377EA1DAA50A40085C05D /* Project object */;
}
